
Microsoft Visual Studio Solution File, Format Version 12.00
# Visual Studio Version 17
VisualStudioVersion = 17.7.34202.233
MinimumVisualStudioVersion = 10.0.40219.1
Project("{888888A0-9F3D-457C-B088-3A5042F75D52}") = "zad2 psiml10", "zad2 psiml10\zad2 psiml10.pyproj", "{2654788D-DEA5-42C8-9909-9B3439DBC642}"
EndProject
Global
	GlobalSection(SolutionConfigurationPlatforms) = preSolution
		Debug|Any CPU = Debug|Any CPU
		Release|Any CPU = Release|Any CPU
	EndGlobalSection
	GlobalSection(ProjectConfigurationPlatforms) = postSolution
		{2654788D-DEA5-42C8-9909-9B3439DBC642}.Debug|Any CPU.ActiveCfg = Debug|Any CPU
		{2654788D-DEA5-42C8-9909-9B3439DBC642}.Release|Any CPU.ActiveCfg = Release|Any CPU
	EndGlobalSection
	GlobalSection(SolutionProperties) = preSolution
		HideSolutionNode = FALSE
	EndGlobalSection
	GlobalSection(ExtensibilityGlobals) = postSolution
		SolutionGuid = {3B9A64F3-25CD-42C5-8779-052530F13945}
	EndGlobalSection
EndGlobal
